
Microsoft Visual Studio Solution File, Format Version 12.00
# Visual Studio Version 16
VisualStudioVersion = 16.0.31624.102
MinimumVisualStudioVersion = 10.0.40219.1
Project("{D954291E-2A0B-460D-934E-DC6B0785DB48}") = "UnoStyleSwitchIssue.Shared", "UnoStyleSwitchIssue.Shared\UnoStyleSwitchIssue.Shared.shproj", "{6279C845-92F8-4333-AB99-3D213163593C}"
EndProject
Project("{2150E333-8FDC-42A3-9474-1A3956D46DE8}") = "Platforms", "Platforms", "{2ACBE35D-A5D1-4BC7-BE58-16662902D20A}"
EndProject
Project("{FAE04EC0-301F-11D3-BF4B-00C04F79EFBC}") = "UnoStyleSwitchIssue.Droid", "UnoStyleSwitchIssue.Droid\UnoStyleSwitchIssue.Droid.csproj", "{F76B5608-5B86-4943-88F8-6DCCC3BA3F70}"
EndProject
Project("{FAE04EC0-301F-11D3-BF4B-00C04F79EFBC}") = "UnoStyleSwitchIssue.iOS", "UnoStyleSwitchIssue.iOS\UnoStyleSwitchIssue.iOS.csproj", "{0DE0E88C-2A5E-42FB-8513-4E24CB076235}"
EndProject
Project("{FAE04EC0-301F-11D3-BF4B-00C04F79EFBC}") = "UnoStyleSwitchIssue.UWP", "UnoStyleSwitchIssue.UWP\UnoStyleSwitchIssue.UWP.csproj", "{21474D4E-2BA8-4604-96DD-2AE511C93E11}"
EndProject
Project("{FAE04EC0-301F-11D3-BF4B-00C04F79EFBC}") = "UnoStyleSwitchIssue.Wasm", "UnoStyleSwitchIssue.Wasm\UnoStyleSwitchIssue.Wasm.csproj", "{2FBDCC46-615E-466A-9204-1C2AB0B99341}"
EndProject
Project("{FAE04EC0-301F-11D3-BF4B-00C04F79EFBC}") = "UnoStyleSwitchIssue.macOS", "UnoStyleSwitchIssue.macOS\UnoStyleSwitchIssue.macOS.csproj", "{6B2DD60C-FBCD-4CA1-BC9F-670421CA7926}"
EndProject
Project("{FAE04EC0-301F-11D3-BF4B-00C04F79EFBC}") = "UnoStyleSwitchIssue.Skia.Wpf.Host", "UnoStyleSwitchIssue.Skia.Wpf.Host\UnoStyleSwitchIssue.Skia.Wpf.Host.csproj", "{B4FF3752-20F3-4B4D-B8D6-964FC739E221}"
EndProject
Project("{FAE04EC0-301F-11D3-BF4B-00C04F79EFBC}") = "UnoStyleSwitchIssue.Skia.Wpf", "UnoStyleSwitchIssue.Skia.Wpf\UnoStyleSwitchIssue.Skia.Wpf.csproj", "{54172763-8012-4B30-A44B-E1EDB13A1017}"
EndProject
Project("{FAE04EC0-301F-11D3-BF4B-00C04F79EFBC}") = "UnoStyleSwitchIssue.Skia.Gtk", "UnoStyleSwitchIssue.Skia.Gtk\UnoStyleSwitchIssue.Skia.Gtk.csproj", "{5E8D7A95-35F4-4E29-9AB2-6F175C0A47CD}"
EndProject
Project("{FAE04EC0-301F-11D3-BF4B-00C04F79EFBC}") = "UnoStyleSwitchIssue.Skia.Tizen", "UnoStyleSwitchIssue.Skia.Tizen\UnoStyleSwitchIssue.Skia.Tizen.csproj", "{CB39BD3A-679E-47F0-97E6-F6FEDECD7B69}"
EndProject
Global
	GlobalSection(SharedMSBuildProjectFiles) = preSolution
		UnoStyleSwitchIssue.Shared\UnoStyleSwitchIssue.Shared.projitems*{0de0e88c-2a5e-42fb-8513-4e24cb076235}*SharedItemsImports = 4
		UnoStyleSwitchIssue.Shared\UnoStyleSwitchIssue.Shared.projitems*{21474d4e-2ba8-4604-96dd-2ae511c93e11}*SharedItemsImports = 4
		UnoStyleSwitchIssue.Shared\UnoStyleSwitchIssue.Shared.projitems*{2fbdcc46-615e-466a-9204-1c2ab0b99341}*SharedItemsImports = 5
		UnoStyleSwitchIssue.Shared\UnoStyleSwitchIssue.Shared.projitems*{54172763-8012-4b30-a44b-e1edb13a1017}*SharedItemsImports = 5
		UnoStyleSwitchIssue.Shared\UnoStyleSwitchIssue.Shared.projitems*{5e8d7a95-35f4-4e29-9ab2-6f175c0a47cd}*SharedItemsImports = 5
		UnoStyleSwitchIssue.Shared\UnoStyleSwitchIssue.Shared.projitems*{6279c845-92f8-4333-ab99-3d213163593c}*SharedItemsImports = 13
		UnoStyleSwitchIssue.Shared\UnoStyleSwitchIssue.Shared.projitems*{6b2dd60c-fbcd-4ca1-bc9f-670421ca7926}*SharedItemsImports = 4
		UnoStyleSwitchIssue.Shared\UnoStyleSwitchIssue.Shared.projitems*{cb39bd3a-679e-47f0-97e6-f6fedecd7b69}*SharedItemsImports = 5
		UnoStyleSwitchIssue.Shared\UnoStyleSwitchIssue.Shared.projitems*{f76b5608-5b86-4943-88f8-6dccc3ba3f70}*SharedItemsImports = 4
	EndGlobalSection
	GlobalSection(SolutionConfigurationPlatforms) = preSolution
		Ad-Hoc|Any CPU = Ad-Hoc|Any CPU
		Ad-Hoc|ARM = Ad-Hoc|ARM
		Ad-Hoc|ARM64 = Ad-Hoc|ARM64
		Ad-Hoc|iPhone = Ad-Hoc|iPhone
		Ad-Hoc|iPhoneSimulator = Ad-Hoc|iPhoneSimulator
		Ad-Hoc|x64 = Ad-Hoc|x64
		Ad-Hoc|x86 = Ad-Hoc|x86
		AppStore|Any CPU = AppStore|Any CPU
		AppStore|ARM = AppStore|ARM
		AppStore|ARM64 = AppStore|ARM64
		AppStore|iPhone = AppStore|iPhone
		AppStore|iPhoneSimulator = AppStore|iPhoneSimulator
		AppStore|x64 = AppStore|x64
		AppStore|x86 = AppStore|x86
		Debug|Any CPU = Debug|Any CPU
		Debug|ARM = Debug|ARM
		Debug|ARM64 = Debug|ARM64
		Debug|iPhone = Debug|iPhone
		Debug|iPhoneSimulator = Debug|iPhoneSimulator
		Debug|x64 = Debug|x64
		Debug|x86 = Debug|x86
		Release|Any CPU = Release|Any CPU
		Release|ARM = Release|ARM
		Release|ARM64 = Release|ARM64
		Release|iPhone = Release|iPhone
		Release|iPhoneSimulator = Release|iPhoneSimulator
		Release|x64 = Release|x64
		Release|x86 = Release|x86
	EndGlobalSection
	GlobalSection(ProjectConfigurationPlatforms) = postSolution
		{F76B5608-5B86-4943-88F8-6DCCC3BA3F70}.Ad-Hoc|Any CPU.ActiveCfg = Debug|Any CPU
		{F76B5608-5B86-4943-88F8-6DCCC3BA3F70}.Ad-Hoc|Any CPU.Build.0 = Debug|Any CPU
		{F76B5608-5B86-4943-88F8-6DCCC3BA3F70}.Ad-Hoc|Any CPU.Deploy.0 = Debug|Any CPU
		{F76B5608-5B86-4943-88F8-6DCCC3BA3F70}.Ad-Hoc|ARM.ActiveCfg = Debug|Any CPU
		{F76B5608-5B86-4943-88F8-6DCCC3BA3F70}.Ad-Hoc|ARM.Build.0 = Debug|Any CPU
		{F76B5608-5B86-4943-88F8-6DCCC3BA3F70}.Ad-Hoc|ARM.Deploy.0 = Debug|Any CPU
		{F76B5608-5B86-4943-88F8-6DCCC3BA3F70}.Ad-Hoc|ARM64.ActiveCfg = Debug|Any CPU
		{F76B5608-5B86-4943-88F8-6DCCC3BA3F70}.Ad-Hoc|ARM64.Build.0 = Debug|Any CPU
		{F76B5608-5B86-4943-88F8-6DCCC3BA3F70}.Ad-Hoc|ARM64.Deploy.0 = Debug|Any CPU
		{F76B5608-5B86-4943-88F8-6DCCC3BA3F70}.Ad-Hoc|iPhone.ActiveCfg = Debug|Any CPU
		{F76B5608-5B86-4943-88F8-6DCCC3BA3F70}.Ad-Hoc|iPhone.Build.0 = Debug|Any CPU
		{F76B5608-5B86-4943-88F8-6DCCC3BA3F70}.Ad-Hoc|iPhone.Deploy.0 = Debug|Any CPU
		{F76B5608-5B86-4943-88F8-6DCCC3BA3F70}.Ad-Hoc|iPhoneSimulator.ActiveCfg = Debug|Any CPU
		{F76B5608-5B86-4943-88F8-6DCCC3BA3F70}.Ad-Hoc|iPhoneSimulator.Build.0 = Debug|Any CPU
		{F76B5608-5B86-4943-88F8-6DCCC3BA3F70}.Ad-Hoc|iPhoneSimulator.Deploy.0 = Debug|Any CPU
		{F76B5608-5B86-4943-88F8-6DCCC3BA3F70}.Ad-Hoc|x64.ActiveCfg = Debug|Any CPU
		{F76B5608-5B86-4943-88F8-6DCCC3BA3F70}.Ad-Hoc|x64.Build.0 = Debug|Any CPU
		{F76B5608-5B86-4943-88F8-6DCCC3BA3F70}.Ad-Hoc|x64.Deploy.0 = Debug|Any CPU
		{F76B5608-5B86-4943-88F8-6DCCC3BA3F70}.Ad-Hoc|x86.ActiveCfg = Debug|Any CPU
		{F76B5608-5B86-4943-88F8-6DCCC3BA3F70}.Ad-Hoc|x86.Build.0 = Debug|Any CPU
		{F76B5608-5B86-4943-88F8-6DCCC3BA3F70}.Ad-Hoc|x86.Deploy.0 = Debug|Any CPU
		{F76B5608-5B86-4943-88F8-6DCCC3BA3F70}.AppStore|Any CPU.ActiveCfg = Debug|Any CPU
		{F76B5608-5B86-4943-88F8-6DCCC3BA3F70}.AppStore|Any CPU.Build.0 = Debug|Any CPU
		{F76B5608-5B86-4943-88F8-6DCCC3BA3F70}.AppStore|Any CPU.Deploy.0 = Debug|Any CPU
		{F76B5608-5B86-4943-88F8-6DCCC3BA3F70}.AppStore|ARM.ActiveCfg = Debug|Any CPU
		{F76B5608-5B86-4943-88F8-6DCCC3BA3F70}.AppStore|ARM.Build.0 = Debug|Any CPU
		{F76B5608-5B86-4943-88F8-6DCCC3BA3F70}.AppStore|ARM.Deploy.0 = Debug|Any CPU
		{F76B5608-5B86-4943-88F8-6DCCC3BA3F70}.AppStore|ARM64.ActiveCfg = Debug|Any CPU
		{F76B5608-5B86-4943-88F8-6DCCC3BA3F70}.AppStore|ARM64.Build.0 = Debug|Any CPU
		{F76B5608-5B86-4943-88F8-6DCCC3BA3F70}.AppStore|ARM64.Deploy.0 = Debug|Any CPU
		{F76B5608-5B86-4943-88F8-6DCCC3BA3F70}.AppStore|iPhone.ActiveCfg = Debug|Any CPU
		{F76B5608-5B86-4943-88F8-6DCCC3BA3F70}.AppStore|iPhone.Build.0 = Debug|Any CPU
		{F76B5608-5B86-4943-88F8-6DCCC3BA3F70}.AppStore|iPhone.Deploy.0 = Debug|Any CPU
		{F76B5608-5B86-4943-88F8-6DCCC3BA3F70}.AppStore|iPhoneSimulator.ActiveCfg = Debug|Any CPU
		{F76B5608-5B86-4943-88F8-6DCCC3BA3F70}.AppStore|iPhoneSimulator.Build.0 = Debug|Any CPU
		{F76B5608-5B86-4943-88F8-6DCCC3BA3F70}.AppStore|iPhoneSimulator.Deploy.0 = Debug|Any CPU
		{F76B5608-5B86-4943-88F8-6DCCC3BA3F70}.AppStore|x64.ActiveCfg = Debug|Any CPU
		{F76B5608-5B86-4943-88F8-6DCCC3BA3F70}.AppStore|x64.Build.0 = Debug|Any CPU
		{F76B5608-5B86-4943-88F8-6DCCC3BA3F70}.AppStore|x64.Deploy.0 = Debug|Any CPU
		{F76B5608-5B86-4943-88F8-6DCCC3BA3F70}.AppStore|x86.ActiveCfg = Debug|Any CPU
		{F76B5608-5B86-4943-88F8-6DCCC3BA3F70}.AppStore|x86.Build.0 = Debug|Any CPU
		{F76B5608-5B86-4943-88F8-6DCCC3BA3F70}.AppStore|x86.Deploy.0 = Debug|Any CPU
		{F76B5608-5B86-4943-88F8-6DCCC3BA3F70}.Debug|Any CPU.ActiveCfg = Debug|Any CPU
		{F76B5608-5B86-4943-88F8-6DCCC3BA3F70}.Debug|Any CPU.Build.0 = Debug|Any CPU
		{F76B5608-5B86-4943-88F8-6DCCC3BA3F70}.Debug|Any CPU.Deploy.0 = Debug|Any CPU
		{F76B5608-5B86-4943-88F8-6DCCC3BA3F70}.Debug|ARM.ActiveCfg = Debug|Any CPU
		{F76B5608-5B86-4943-88F8-6DCCC3BA3F70}.Debug|ARM.Build.0 = Debug|Any CPU
		{F76B5608-5B86-4943-88F8-6DCCC3BA3F70}.Debug|ARM.Deploy.0 = Debug|Any CPU
		{F76B5608-5B86-4943-88F8-6DCCC3BA3F70}.Debug|ARM64.ActiveCfg = Debug|Any CPU
		{F76B5608-5B86-4943-88F8-6DCCC3BA3F70}.Debug|ARM64.Build.0 = Debug|Any CPU
		{F76B5608-5B86-4943-88F8-6DCCC3BA3F70}.Debug|ARM64.Deploy.0 = Debug|Any CPU
		{F76B5608-5B86-4943-88F8-6DCCC3BA3F70}.Debug|iPhone.ActiveCfg = Debug|Any CPU
		{F76B5608-5B86-4943-88F8-6DCCC3BA3F70}.Debug|iPhone.Build.0 = Debug|Any CPU
		{F76B5608-5B86-4943-88F8-6DCCC3BA3F70}.Debug|iPhone.Deploy.0 = Debug|Any CPU
		{F76B5608-5B86-4943-88F8-6DCCC3BA3F70}.Debug|iPhoneSimulator.ActiveCfg = Debug|Any CPU
		{F76B5608-5B86-4943-88F8-6DCCC3BA3F70}.Debug|iPhoneSimulator.Build.0 = Debug|Any CPU
		{F76B5608-5B86-4943-88F8-6DCCC3BA3F70}.Debug|iPhoneSimulator.Deploy.0 = Debug|Any CPU
		{F76B5608-5B86-4943-88F8-6DCCC3BA3F70}.Debug|x64.ActiveCfg = Debug|Any CPU
		{F76B5608-5B86-4943-88F8-6DCCC3BA3F70}.Debug|x64.Build.0 = Debug|Any CPU
		{F76B5608-5B86-4943-88F8-6DCCC3BA3F70}.Debug|x64.Deploy.0 = Debug|Any CPU
		{F76B5608-5B86-4943-88F8-6DCCC3BA3F70}.Debug|x86.ActiveCfg = Debug|Any CPU
		{F76B5608-5B86-4943-88F8-6DCCC3BA3F70}.Debug|x86.Build.0 = Debug|Any CPU
		{F76B5608-5B86-4943-88F8-6DCCC3BA3F70}.Debug|x86.Deploy.0 = Debug|Any CPU
		{F76B5608-5B86-4943-88F8-6DCCC3BA3F70}.Release|Any CPU.ActiveCfg = Release|Any CPU
		{F76B5608-5B86-4943-88F8-6DCCC3BA3F70}.Release|Any CPU.Build.0 = Release|Any CPU
		{F76B5608-5B86-4943-88F8-6DCCC3BA3F70}.Release|Any CPU.Deploy.0 = Release|Any CPU
		{F76B5608-5B86-4943-88F8-6DCCC3BA3F70}.Release|ARM.ActiveCfg = Release|Any CPU
		{F76B5608-5B86-4943-88F8-6DCCC3BA3F70}.Release|ARM.Build.0 = Release|Any CPU
		{F76B5608-5B86-4943-88F8-6DCCC3BA3F70}.Release|ARM.Deploy.0 = Release|Any CPU
		{F76B5608-5B86-4943-88F8-6DCCC3BA3F70}.Release|ARM64.ActiveCfg = Release|Any CPU
		{F76B5608-5B86-4943-88F8-6DCCC3BA3F70}.Release|ARM64.Build.0 = Release|Any CPU
		{F76B5608-5B86-4943-88F8-6DCCC3BA3F70}.Release|ARM64.Deploy.0 = Release|Any CPU
		{F76B5608-5B86-4943-88F8-6DCCC3BA3F70}.Release|iPhone.ActiveCfg = Release|Any CPU
		{F76B5608-5B86-4943-88F8-6DCCC3BA3F70}.Release|iPhone.Build.0 = Release|Any CPU
		{F76B5608-5B86-4943-88F8-6DCCC3BA3F70}.Release|iPhone.Deploy.0 = Release|Any CPU
		{F76B5608-5B86-4943-88F8-6DCCC3BA3F70}.Release|iPhoneSimulator.ActiveCfg = Release|Any CPU
		{F76B5608-5B86-4943-88F8-6DCCC3BA3F70}.Release|iPhoneSimulator.Build.0 = Release|Any CPU
		{F76B5608-5B86-4943-88F8-6DCCC3BA3F70}.Release|iPhoneSimulator.Deploy.0 = Release|Any CPU
		{F76B5608-5B86-4943-88F8-6DCCC3BA3F70}.Release|x64.ActiveCfg = Release|Any CPU
		{F76B5608-5B86-4943-88F8-6DCCC3BA3F70}.Release|x64.Build.0 = Release|Any CPU
		{F76B5608-5B86-4943-88F8-6DCCC3BA3F70}.Release|x64.Deploy.0 = Release|Any CPU
		{F76B5608-5B86-4943-88F8-6DCCC3BA3F70}.Release|x86.ActiveCfg = Release|Any CPU
		{F76B5608-5B86-4943-88F8-6DCCC3BA3F70}.Release|x86.Build.0 = Release|Any CPU
		{F76B5608-5B86-4943-88F8-6DCCC3BA3F70}.Release|x86.Deploy.0 = Release|Any CPU
		{0DE0E88C-2A5E-42FB-8513-4E24CB076235}.Ad-Hoc|Any CPU.ActiveCfg = Ad-Hoc|iPhoneSimulator
		{0DE0E88C-2A5E-42FB-8513-4E24CB076235}.Ad-Hoc|ARM.ActiveCfg = Ad-Hoc|iPhoneSimulator
		{0DE0E88C-2A5E-42FB-8513-4E24CB076235}.Ad-Hoc|ARM64.ActiveCfg = Ad-Hoc|iPhoneSimulator
		{0DE0E88C-2A5E-42FB-8513-4E24CB076235}.Ad-Hoc|iPhone.ActiveCfg = Ad-Hoc|iPhone
		{0DE0E88C-2A5E-42FB-8513-4E24CB076235}.Ad-Hoc|iPhone.Build.0 = Ad-Hoc|iPhone
		{0DE0E88C-2A5E-42FB-8513-4E24CB076235}.Ad-Hoc|iPhoneSimulator.ActiveCfg = Ad-Hoc|iPhoneSimulator
		{0DE0E88C-2A5E-42FB-8513-4E24CB076235}.Ad-Hoc|iPhoneSimulator.Build.0 = Ad-Hoc|iPhoneSimulator
		{0DE0E88C-2A5E-42FB-8513-4E24CB076235}.Ad-Hoc|x64.ActiveCfg = Ad-Hoc|iPhoneSimulator
		{0DE0E88C-2A5E-42FB-8513-4E24CB076235}.Ad-Hoc|x86.ActiveCfg = Ad-Hoc|iPhoneSimulator
		{0DE0E88C-2A5E-42FB-8513-4E24CB076235}.AppStore|Any CPU.ActiveCfg = AppStore|iPhoneSimulator
		{0DE0E88C-2A5E-42FB-8513-4E24CB076235}.AppStore|ARM.ActiveCfg = AppStore|iPhoneSimulator
		{0DE0E88C-2A5E-42FB-8513-4E24CB076235}.AppStore|ARM64.ActiveCfg = AppStore|iPhoneSimulator
		{0DE0E88C-2A5E-42FB-8513-4E24CB076235}.AppStore|iPhone.ActiveCfg = AppStore|iPhone
		{0DE0E88C-2A5E-42FB-8513-4E24CB076235}.AppStore|iPhone.Build.0 = AppStore|iPhone
		{0DE0E88C-2A5E-42FB-8513-4E24CB076235}.AppStore|iPhoneSimulator.ActiveCfg = AppStore|iPhoneSimulator
		{0DE0E88C-2A5E-42FB-8513-4E24CB076235}.AppStore|iPhoneSimulator.Build.0 = AppStore|iPhoneSimulator
		{0DE0E88C-2A5E-42FB-8513-4E24CB076235}.AppStore|x64.ActiveCfg = AppStore|iPhoneSimulator
		{0DE0E88C-2A5E-42FB-8513-4E24CB076235}.AppStore|x86.ActiveCfg = AppStore|iPhoneSimulator
		{0DE0E88C-2A5E-42FB-8513-4E24CB076235}.Debug|Any CPU.ActiveCfg = Debug|iPhoneSimulator
		{0DE0E88C-2A5E-42FB-8513-4E24CB076235}.Debug|ARM.ActiveCfg = Debug|iPhoneSimulator
		{0DE0E88C-2A5E-42FB-8513-4E24CB076235}.Debug|ARM64.ActiveCfg = Debug|iPhoneSimulator
		{0DE0E88C-2A5E-42FB-8513-4E24CB076235}.Debug|iPhone.ActiveCfg = Debug|iPhone
		{0DE0E88C-2A5E-42FB-8513-4E24CB076235}.Debug|iPhone.Build.0 = Debug|iPhone
		{0DE0E88C-2A5E-42FB-8513-4E24CB076235}.Debug|iPhoneSimulator.ActiveCfg = Debug|iPhoneSimulator
		{0DE0E88C-2A5E-42FB-8513-4E24CB076235}.Debug|iPhoneSimulator.Build.0 = Debug|iPhoneSimulator
		{0DE0E88C-2A5E-42FB-8513-4E24CB076235}.Debug|x64.ActiveCfg = Debug|iPhoneSimulator
		{0DE0E88C-2A5E-42FB-8513-4E24CB076235}.Debug|x86.ActiveCfg = Debug|iPhoneSimulator
		{0DE0E88C-2A5E-42FB-8513-4E24CB076235}.Release|Any CPU.ActiveCfg = Release|iPhoneSimulator
		{0DE0E88C-2A5E-42FB-8513-4E24CB076235}.Release|ARM.ActiveCfg = Release|iPhoneSimulator
		{0DE0E88C-2A5E-42FB-8513-4E24CB076235}.Release|ARM64.ActiveCfg = Release|iPhoneSimulator
		{0DE0E88C-2A5E-42FB-8513-4E24CB076235}.Release|iPhone.ActiveCfg = Release|iPhone
		{0DE0E88C-2A5E-42FB-8513-4E24CB076235}.Release|iPhone.Build.0 = Release|iPhone
		{0DE0E88C-2A5E-42FB-8513-4E24CB076235}.Release|iPhoneSimulator.ActiveCfg = Release|iPhoneSimulator
		{0DE0E88C-2A5E-42FB-8513-4E24CB076235}.Release|iPhoneSimulator.Build.0 = Release|iPhoneSimulator
		{0DE0E88C-2A5E-42FB-8513-4E24CB076235}.Release|x64.ActiveCfg = Release|iPhoneSimulator
		{0DE0E88C-2A5E-42FB-8513-4E24CB076235}.Release|x86.ActiveCfg = Release|iPhoneSimulator
		{21474D4E-2BA8-4604-96DD-2AE511C93E11}.Ad-Hoc|Any CPU.ActiveCfg = Debug|x86
		{21474D4E-2BA8-4604-96DD-2AE511C93E11}.Ad-Hoc|Any CPU.Build.0 = Debug|x86
		{21474D4E-2BA8-4604-96DD-2AE511C93E11}.Ad-Hoc|Any CPU.Deploy.0 = Debug|x86
		{21474D4E-2BA8-4604-96DD-2AE511C93E11}.Ad-Hoc|ARM.ActiveCfg = Debug|ARM
		{21474D4E-2BA8-4604-96DD-2AE511C93E11}.Ad-Hoc|ARM.Build.0 = Debug|ARM
		{21474D4E-2BA8-4604-96DD-2AE511C93E11}.Ad-Hoc|ARM.Deploy.0 = Debug|ARM
		{21474D4E-2BA8-4604-96DD-2AE511C93E11}.Ad-Hoc|ARM64.ActiveCfg = Debug|ARM64
		{21474D4E-2BA8-4604-96DD-2AE511C93E11}.Ad-Hoc|ARM64.Build.0 = Debug|ARM64
		{21474D4E-2BA8-4604-96DD-2AE511C93E11}.Ad-Hoc|ARM64.Deploy.0 = Debug|ARM64
		{21474D4E-2BA8-4604-96DD-2AE511C93E11}.Ad-Hoc|iPhone.ActiveCfg = Debug|x86
		{21474D4E-2BA8-4604-96DD-2AE511C93E11}.Ad-Hoc|iPhone.Build.0 = Debug|x86
		{21474D4E-2BA8-4604-96DD-2AE511C93E11}.Ad-Hoc|iPhone.Deploy.0 = Debug|x86
		{21474D4E-2BA8-4604-96DD-2AE511C93E11}.Ad-Hoc|iPhoneSimulator.ActiveCfg = Debug|x86
		{21474D4E-2BA8-4604-96DD-2AE511C93E11}.Ad-Hoc|iPhoneSimulator.Build.0 = Debug|x86
		{21474D4E-2BA8-4604-96DD-2AE511C93E11}.Ad-Hoc|iPhoneSimulator.Deploy.0 = Debug|x86
		{21474D4E-2BA8-4604-96DD-2AE511C93E11}.Ad-Hoc|x64.ActiveCfg = Debug|x64
		{21474D4E-2BA8-4604-96DD-2AE511C93E11}.Ad-Hoc|x64.Build.0 = Debug|x64
		{21474D4E-2BA8-4604-96DD-2AE511C93E11}.Ad-Hoc|x64.Deploy.0 = Debug|x64
		{21474D4E-2BA8-4604-96DD-2AE511C93E11}.Ad-Hoc|x86.ActiveCfg = Debug|x86
		{21474D4E-2BA8-4604-96DD-2AE511C93E11}.Ad-Hoc|x86.Build.0 = Debug|x86
		{21474D4E-2BA8-4604-96DD-2AE511C93E11}.Ad-Hoc|x86.Deploy.0 = Debug|x86
		{21474D4E-2BA8-4604-96DD-2AE511C93E11}.AppStore|Any CPU.ActiveCfg = Debug|x86
		{21474D4E-2BA8-4604-96DD-2AE511C93E11}.AppStore|Any CPU.Build.0 = Debug|x86
		{21474D4E-2BA8-4604-96DD-2AE511C93E11}.AppStore|Any CPU.Deploy.0 = Debug|x86
		{21474D4E-2BA8-4604-96DD-2AE511C93E11}.AppStore|ARM.ActiveCfg = Debug|ARM
		{21474D4E-2BA8-4604-96DD-2AE511C93E11}.AppStore|ARM.Build.0 = Debug|ARM
		{21474D4E-2BA8-4604-96DD-2AE511C93E11}.AppStore|ARM.Deploy.0 = Debug|ARM
		{21474D4E-2BA8-4604-96DD-2AE511C93E11}.AppStore|ARM64.ActiveCfg = Debug|ARM64
		{21474D4E-2BA8-4604-96DD-2AE511C93E11}.AppStore|ARM64.Build.0 = Debug|ARM64
		{21474D4E-2BA8-4604-96DD-2AE511C93E11}.AppStore|ARM64.Deploy.0 = Debug|ARM64
		{21474D4E-2BA8-4604-96DD-2AE511C93E11}.AppStore|iPhone.ActiveCfg = Debug|x86
		{21474D4E-2BA8-4604-96DD-2AE511C93E11}.AppStore|iPhone.Build.0 = Debug|x86
		{21474D4E-2BA8-4604-96DD-2AE511C93E11}.AppStore|iPhone.Deploy.0 = Debug|x86
		{21474D4E-2BA8-4604-96DD-2AE511C93E11}.AppStore|iPhoneSimulator.ActiveCfg = Debug|x86
		{21474D4E-2BA8-4604-96DD-2AE511C93E11}.AppStore|iPhoneSimulator.Build.0 = Debug|x86
		{21474D4E-2BA8-4604-96DD-2AE511C93E11}.AppStore|iPhoneSimulator.Deploy.0 = Debug|x86
		{21474D4E-2BA8-4604-96DD-2AE511C93E11}.AppStore|x64.ActiveCfg = Debug|x64
		{21474D4E-2BA8-4604-96DD-2AE511C93E11}.AppStore|x64.Build.0 = Debug|x64
		{21474D4E-2BA8-4604-96DD-2AE511C93E11}.AppStore|x64.Deploy.0 = Debug|x64
		{21474D4E-2BA8-4604-96DD-2AE511C93E11}.AppStore|x86.ActiveCfg = Debug|x86
		{21474D4E-2BA8-4604-96DD-2AE511C93E11}.AppStore|x86.Build.0 = Debug|x86
		{21474D4E-2BA8-4604-96DD-2AE511C93E11}.AppStore|x86.Deploy.0 = Debug|x86
		{21474D4E-2BA8-4604-96DD-2AE511C93E11}.Debug|Any CPU.ActiveCfg = Debug|x86
		{21474D4E-2BA8-4604-96DD-2AE511C93E11}.Debug|Any CPU.Build.0 = Debug|x86
		{21474D4E-2BA8-4604-96DD-2AE511C93E11}.Debug|Any CPU.Deploy.0 = Debug|x86
		{21474D4E-2BA8-4604-96DD-2AE511C93E11}.Debug|ARM.ActiveCfg = Debug|ARM
		{21474D4E-2BA8-4604-96DD-2AE511C93E11}.Debug|ARM.Build.0 = Debug|ARM
		{21474D4E-2BA8-4604-96DD-2AE511C93E11}.Debug|ARM.Deploy.0 = Debug|ARM
		{21474D4E-2BA8-4604-96DD-2AE511C93E11}.Debug|ARM64.ActiveCfg = Debug|ARM64
		{21474D4E-2BA8-4604-96DD-2AE511C93E11}.Debug|ARM64.Build.0 = Debug|ARM64
		{21474D4E-2BA8-4604-96DD-2AE511C93E11}.Debug|ARM64.Deploy.0 = Debug|ARM64
		{21474D4E-2BA8-4604-96DD-2AE511C93E11}.Debug|iPhone.ActiveCfg = Debug|x86
		{21474D4E-2BA8-4604-96DD-2AE511C93E11}.Debug|iPhoneSimulator.ActiveCfg = Debug|x86
		{21474D4E-2BA8-4604-96DD-2AE511C93E11}.Debug|x64.ActiveCfg = Debug|x64
		{21474D4E-2BA8-4604-96DD-2AE511C93E11}.Debug|x64.Build.0 = Debug|x64
		{21474D4E-2BA8-4604-96DD-2AE511C93E11}.Debug|x64.Deploy.0 = Debug|x64
		{21474D4E-2BA8-4604-96DD-2AE511C93E11}.Debug|x86.ActiveCfg = Debug|x86
		{21474D4E-2BA8-4604-96DD-2AE511C93E11}.Debug|x86.Build.0 = Debug|x86
		{21474D4E-2BA8-4604-96DD-2AE511C93E11}.Debug|x86.Deploy.0 = Debug|x86
		{21474D4E-2BA8-4604-96DD-2AE511C93E11}.Release|Any CPU.ActiveCfg = Release|x86
		{21474D4E-2BA8-4604-96DD-2AE511C93E11}.Release|ARM.ActiveCfg = Release|ARM
		{21474D4E-2BA8-4604-96DD-2AE511C93E11}.Release|ARM.Build.0 = Release|ARM
		{21474D4E-2BA8-4604-96DD-2AE511C93E11}.Release|ARM.Deploy.0 = Release|ARM
		{21474D4E-2BA8-4604-96DD-2AE511C93E11}.Release|ARM64.ActiveCfg = Release|ARM64
		{21474D4E-2BA8-4604-96DD-2AE511C93E11}.Release|ARM64.Build.0 = Release|ARM64
		{21474D4E-2BA8-4604-96DD-2AE511C93E11}.Release|ARM64.Deploy.0 = Release|ARM64
		{21474D4E-2BA8-4604-96DD-2AE511C93E11}.Release|iPhone.ActiveCfg = Release|x86
		{21474D4E-2BA8-4604-96DD-2AE511C93E11}.Release|iPhoneSimulator.ActiveCfg = Release|x86
		{21474D4E-2BA8-4604-96DD-2AE511C93E11}.Release|x64.ActiveCfg = Release|x64
		{21474D4E-2BA8-4604-96DD-2AE511C93E11}.Release|x64.Build.0 = Release|x64
		{21474D4E-2BA8-4604-96DD-2AE511C93E11}.Release|x64.Deploy.0 = Release|x64
		{21474D4E-2BA8-4604-96DD-2AE511C93E11}.Release|x86.ActiveCfg = Release|x86
		{21474D4E-2BA8-4604-96DD-2AE511C93E11}.Release|x86.Build.0 = Release|x86
		{21474D4E-2BA8-4604-96DD-2AE511C93E11}.Release|x86.Deploy.0 = Release|x86
		{2FBDCC46-615E-466A-9204-1C2AB0B99341}.Ad-Hoc|Any CPU.ActiveCfg = Debug|Any CPU
		{2FBDCC46-615E-466A-9204-1C2AB0B99341}.Ad-Hoc|Any CPU.Build.0 = Debug|Any CPU
		{2FBDCC46-615E-466A-9204-1C2AB0B99341}.Ad-Hoc|ARM.ActiveCfg = Debug|Any CPU
		{2FBDCC46-615E-466A-9204-1C2AB0B99341}.Ad-Hoc|ARM.Build.0 = Debug|Any CPU
		{2FBDCC46-615E-466A-9204-1C2AB0B99341}.Ad-Hoc|ARM64.ActiveCfg = Debug|Any CPU
		{2FBDCC46-615E-466A-9204-1C2AB0B99341}.Ad-Hoc|ARM64.Build.0 = Debug|Any CPU
		{2FBDCC46-615E-466A-9204-1C2AB0B99341}.Ad-Hoc|iPhone.ActiveCfg = Debug|Any CPU
		{2FBDCC46-615E-466A-9204-1C2AB0B99341}.Ad-Hoc|iPhone.Build.0 = Debug|Any CPU
		{2FBDCC46-615E-466A-9204-1C2AB0B99341}.Ad-Hoc|iPhoneSimulator.ActiveCfg = Debug|Any CPU
		{2FBDCC46-615E-466A-9204-1C2AB0B99341}.Ad-Hoc|iPhoneSimulator.Build.0 = Debug|Any CPU
		{2FBDCC46-615E-466A-9204-1C2AB0B99341}.Ad-Hoc|x64.ActiveCfg = Debug|Any CPU
		{2FBDCC46-615E-466A-9204-1C2AB0B99341}.Ad-Hoc|x64.Build.0 = Debug|Any CPU
		{2FBDCC46-615E-466A-9204-1C2AB0B99341}.Ad-Hoc|x86.ActiveCfg = Debug|Any CPU
		{2FBDCC46-615E-466A-9204-1C2AB0B99341}.Ad-Hoc|x86.Build.0 = Debug|Any CPU
		{2FBDCC46-615E-466A-9204-1C2AB0B99341}.AppStore|Any CPU.ActiveCfg = Debug|Any CPU
		{2FBDCC46-615E-466A-9204-1C2AB0B99341}.AppStore|Any CPU.Build.0 = Debug|Any CPU
		{2FBDCC46-615E-466A-9204-1C2AB0B99341}.AppStore|ARM.ActiveCfg = Debug|Any CPU
		{2FBDCC46-615E-466A-9204-1C2AB0B99341}.AppStore|ARM.Build.0 = Debug|Any CPU
		{2FBDCC46-615E-466A-9204-1C2AB0B99341}.AppStore|ARM64.ActiveCfg = Debug|Any CPU
		{2FBDCC46-615E-466A-9204-1C2AB0B99341}.AppStore|ARM64.Build.0 = Debug|Any CPU
		{2FBDCC46-615E-466A-9204-1C2AB0B99341}.AppStore|iPhone.ActiveCfg = Debug|Any CPU
		{2FBDCC46-615E-466A-9204-1C2AB0B99341}.AppStore|iPhone.Build.0 = Debug|Any CPU
		{2FBDCC46-615E-466A-9204-1C2AB0B99341}.AppStore|iPhoneSimulator.ActiveCfg = Debug|Any CPU
		{2FBDCC46-615E-466A-9204-1C2AB0B99341}.AppStore|iPhoneSimulator.Build.0 = Debug|Any CPU
		{2FBDCC46-615E-466A-9204-1C2AB0B99341}.AppStore|x64.ActiveCfg = Debug|Any CPU
		{2FBDCC46-615E-466A-9204-1C2AB0B99341}.AppStore|x64.Build.0 = Debug|Any CPU
		{2FBDCC46-615E-466A-9204-1C2AB0B99341}.AppStore|x86.ActiveCfg = Debug|Any CPU
		{2FBDCC46-615E-466A-9204-1C2AB0B99341}.AppStore|x86.Build.0 = Debug|Any CPU
		{2FBDCC46-615E-466A-9204-1C2AB0B99341}.Debug|Any CPU.ActiveCfg = Debug|Any CPU
		{2FBDCC46-615E-466A-9204-1C2AB0B99341}.Debug|Any CPU.Build.0 = Debug|Any CPU
		{2FBDCC46-615E-466A-9204-1C2AB0B99341}.Debug|ARM.ActiveCfg = Debug|Any CPU
		{2FBDCC46-615E-466A-9204-1C2AB0B99341}.Debug|ARM.Build.0 = Debug|Any CPU
		{2FBDCC46-615E-466A-9204-1C2AB0B99341}.Debug|ARM64.ActiveCfg = Debug|Any CPU
		{2FBDCC46-615E-466A-9204-1C2AB0B99341}.Debug|ARM64.Build.0 = Debug|Any CPU
		{2FBDCC46-615E-466A-9204-1C2AB0B99341}.Debug|iPhone.ActiveCfg = Debug|Any CPU
		{2FBDCC46-615E-466A-9204-1C2AB0B99341}.Debug|iPhone.Build.0 = Debug|Any CPU
		{2FBDCC46-615E-466A-9204-1C2AB0B99341}.Debug|iPhoneSimulator.ActiveCfg = Debug|Any CPU
		{2FBDCC46-615E-466A-9204-1C2AB0B99341}.Debug|iPhoneSimulator.Build.0 = Debug|Any CPU
		{2FBDCC46-615E-466A-9204-1C2AB0B99341}.Debug|x64.ActiveCfg = Debug|Any CPU
		{2FBDCC46-615E-466A-9204-1C2AB0B99341}.Debug|x64.Build.0 = Debug|Any CPU
		{2FBDCC46-615E-466A-9204-1C2AB0B99341}.Debug|x86.ActiveCfg = Debug|Any CPU
		{2FBDCC46-615E-466A-9204-1C2AB0B99341}.Debug|x86.Build.0 = Debug|Any CPU
		{2FBDCC46-615E-466A-9204-1C2AB0B99341}.Release|Any CPU.ActiveCfg = Release|Any CPU
		{2FBDCC46-615E-466A-9204-1C2AB0B99341}.Release|Any CPU.Build.0 = Release|Any CPU
		{2FBDCC46-615E-466A-9204-1C2AB0B99341}.Release|ARM.ActiveCfg = Release|Any CPU
		{2FBDCC46-615E-466A-9204-1C2AB0B99341}.Release|ARM.Build.0 = Release|Any CPU
		{2FBDCC46-615E-466A-9204-1C2AB0B99341}.Release|ARM64.ActiveCfg = Release|Any CPU
		{2FBDCC46-615E-466A-9204-1C2AB0B99341}.Release|ARM64.Build.0 = Release|Any CPU
		{2FBDCC46-615E-466A-9204-1C2AB0B99341}.Release|iPhone.ActiveCfg = Release|Any CPU
		{2FBDCC46-615E-466A-9204-1C2AB0B99341}.Release|iPhone.Build.0 = Release|Any CPU
		{2FBDCC46-615E-466A-9204-1C2AB0B99341}.Release|iPhoneSimulator.ActiveCfg = Release|Any CPU
		{2FBDCC46-615E-466A-9204-1C2AB0B99341}.Release|iPhoneSimulator.Build.0 = Release|Any CPU
		{2FBDCC46-615E-466A-9204-1C2AB0B99341}.Release|x64.ActiveCfg = Release|Any CPU
		{2FBDCC46-615E-466A-9204-1C2AB0B99341}.Release|x64.Build.0 = Release|Any CPU
		{2FBDCC46-615E-466A-9204-1C2AB0B99341}.Release|x86.ActiveCfg = Release|Any CPU
		{2FBDCC46-615E-466A-9204-1C2AB0B99341}.Release|x86.Build.0 = Release|Any CPU
		{6B2DD60C-FBCD-4CA1-BC9F-670421CA7926}.Ad-Hoc|Any CPU.ActiveCfg = Debug|iPhoneSimulator
		{6B2DD60C-FBCD-4CA1-BC9F-670421CA7926}.Ad-Hoc|Any CPU.Build.0 = Debug|iPhoneSimulator
		{6B2DD60C-FBCD-4CA1-BC9F-670421CA7926}.Ad-Hoc|ARM.ActiveCfg = Debug|iPhoneSimulator
		{6B2DD60C-FBCD-4CA1-BC9F-670421CA7926}.Ad-Hoc|ARM.Build.0 = Debug|iPhoneSimulator
		{6B2DD60C-FBCD-4CA1-BC9F-670421CA7926}.Ad-Hoc|ARM64.ActiveCfg = Debug|iPhoneSimulator
		{6B2DD60C-FBCD-4CA1-BC9F-670421CA7926}.Ad-Hoc|ARM64.Build.0 = Debug|iPhoneSimulator
		{6B2DD60C-FBCD-4CA1-BC9F-670421CA7926}.Ad-Hoc|iPhone.ActiveCfg = Debug|iPhoneSimulator
		{6B2DD60C-FBCD-4CA1-BC9F-670421CA7926}.Ad-Hoc|iPhone.Build.0 = Debug|iPhoneSimulator
		{6B2DD60C-FBCD-4CA1-BC9F-670421CA7926}.Ad-Hoc|iPhoneSimulator.ActiveCfg = Debug|iPhoneSimulator
		{6B2DD60C-FBCD-4CA1-BC9F-670421CA7926}.Ad-Hoc|iPhoneSimulator.Build.0 = Debug|iPhoneSimulator
		{6B2DD60C-FBCD-4CA1-BC9F-670421CA7926}.Ad-Hoc|x64.ActiveCfg = Debug|iPhoneSimulator
		{6B2DD60C-FBCD-4CA1-BC9F-670421CA7926}.Ad-Hoc|x64.Build.0 = Debug|iPhoneSimulator
		{6B2DD60C-FBCD-4CA1-BC9F-670421CA7926}.Ad-Hoc|x86.ActiveCfg = Debug|iPhoneSimulator
		{6B2DD60C-FBCD-4CA1-BC9F-670421CA7926}.Ad-Hoc|x86.Build.0 = Debug|iPhoneSimulator
		{6B2DD60C-FBCD-4CA1-BC9F-670421CA7926}.AppStore|Any CPU.ActiveCfg = Debug|iPhoneSimulator
		{6B2DD60C-FBCD-4CA1-BC9F-670421CA7926}.AppStore|Any CPU.Build.0 = Debug|iPhoneSimulator
		{6B2DD60C-FBCD-4CA1-BC9F-670421CA7926}.AppStore|ARM.ActiveCfg = Debug|iPhoneSimulator
		{6B2DD60C-FBCD-4CA1-BC9F-670421CA7926}.AppStore|ARM.Build.0 = Debug|iPhoneSimulator
		{6B2DD60C-FBCD-4CA1-BC9F-670421CA7926}.AppStore|ARM64.ActiveCfg = Debug|iPhoneSimulator
		{6B2DD60C-FBCD-4CA1-BC9F-670421CA7926}.AppStore|ARM64.Build.0 = Debug|iPhoneSimulator
		{6B2DD60C-FBCD-4CA1-BC9F-670421CA7926}.AppStore|iPhone.ActiveCfg = Debug|iPhoneSimulator
		{6B2DD60C-FBCD-4CA1-BC9F-670421CA7926}.AppStore|iPhone.Build.0 = Debug|iPhoneSimulator
		{6B2DD60C-FBCD-4CA1-BC9F-670421CA7926}.AppStore|iPhoneSimulator.ActiveCfg = Debug|iPhoneSimulator
		{6B2DD60C-FBCD-4CA1-BC9F-670421CA7926}.AppStore|iPhoneSimulator.Build.0 = Debug|iPhoneSimulator
		{6B2DD60C-FBCD-4CA1-BC9F-670421CA7926}.AppStore|x64.ActiveCfg = Debug|iPhoneSimulator
		{6B2DD60C-FBCD-4CA1-BC9F-670421CA7926}.AppStore|x64.Build.0 = Debug|iPhoneSimulator
		{6B2DD60C-FBCD-4CA1-BC9F-670421CA7926}.AppStore|x86.ActiveCfg = Debug|iPhoneSimulator
		{6B2DD60C-FBCD-4CA1-BC9F-670421CA7926}.AppStore|x86.Build.0 = Debug|iPhoneSimulator
		{6B2DD60C-FBCD-4CA1-BC9F-670421CA7926}.Debug|Any CPU.ActiveCfg = Debug|iPhoneSimulator
		{6B2DD60C-FBCD-4CA1-BC9F-670421CA7926}.Debug|ARM.ActiveCfg = Debug|iPhoneSimulator
		{6B2DD60C-FBCD-4CA1-BC9F-670421CA7926}.Debug|ARM64.ActiveCfg = Debug|iPhoneSimulator
		{6B2DD60C-FBCD-4CA1-BC9F-670421CA7926}.Debug|iPhone.ActiveCfg = Debug|iPhoneSimulator
		{6B2DD60C-FBCD-4CA1-BC9F-670421CA7926}.Debug|iPhoneSimulator.ActiveCfg = Debug|iPhoneSimulator
		{6B2DD60C-FBCD-4CA1-BC9F-670421CA7926}.Debug|iPhoneSimulator.Build.0 = Debug|iPhoneSimulator
		{6B2DD60C-FBCD-4CA1-BC9F-670421CA7926}.Debug|x64.ActiveCfg = Debug|iPhoneSimulator
		{6B2DD60C-FBCD-4CA1-BC9F-670421CA7926}.Debug|x86.ActiveCfg = Debug|iPhoneSimulator
		{6B2DD60C-FBCD-4CA1-BC9F-670421CA7926}.Release|Any CPU.ActiveCfg = Release|iPhoneSimulator
		{6B2DD60C-FBCD-4CA1-BC9F-670421CA7926}.Release|ARM.ActiveCfg = Release|iPhoneSimulator
		{6B2DD60C-FBCD-4CA1-BC9F-670421CA7926}.Release|ARM64.ActiveCfg = Release|iPhoneSimulator
		{6B2DD60C-FBCD-4CA1-BC9F-670421CA7926}.Release|iPhone.ActiveCfg = Release|iPhoneSimulator
		{6B2DD60C-FBCD-4CA1-BC9F-670421CA7926}.Release|iPhoneSimulator.ActiveCfg = Release|iPhoneSimulator
		{6B2DD60C-FBCD-4CA1-BC9F-670421CA7926}.Release|iPhoneSimulator.Build.0 = Release|iPhoneSimulator
		{6B2DD60C-FBCD-4CA1-BC9F-670421CA7926}.Release|x64.ActiveCfg = Release|iPhoneSimulator
		{6B2DD60C-FBCD-4CA1-BC9F-670421CA7926}.Release|x86.ActiveCfg = Release|iPhoneSimulator
		{B4FF3752-20F3-4B4D-B8D6-964FC739E221}.Ad-Hoc|Any CPU.ActiveCfg = Debug|Any CPU
		{B4FF3752-20F3-4B4D-B8D6-964FC739E221}.Ad-Hoc|Any CPU.Build.0 = Debug|Any CPU
		{B4FF3752-20F3-4B4D-B8D6-964FC739E221}.Ad-Hoc|ARM.ActiveCfg = Debug|Any CPU
		{B4FF3752-20F3-4B4D-B8D6-964FC739E221}.Ad-Hoc|ARM.Build.0 = Debug|Any CPU
		{B4FF3752-20F3-4B4D-B8D6-964FC739E221}.Ad-Hoc|ARM64.ActiveCfg = Debug|Any CPU
		{B4FF3752-20F3-4B4D-B8D6-964FC739E221}.Ad-Hoc|ARM64.Build.0 = Debug|Any CPU
		{B4FF3752-20F3-4B4D-B8D6-964FC739E221}.Ad-Hoc|iPhone.ActiveCfg = Debug|Any CPU
		{B4FF3752-20F3-4B4D-B8D6-964FC739E221}.Ad-Hoc|iPhone.Build.0 = Debug|Any CPU
		{B4FF3752-20F3-4B4D-B8D6-964FC739E221}.Ad-Hoc|iPhoneSimulator.ActiveCfg = Debug|Any CPU
		{B4FF3752-20F3-4B4D-B8D6-964FC739E221}.Ad-Hoc|iPhoneSimulator.Build.0 = Debug|Any CPU
		{B4FF3752-20F3-4B4D-B8D6-964FC739E221}.Ad-Hoc|x64.ActiveCfg = Debug|Any CPU
		{B4FF3752-20F3-4B4D-B8D6-964FC739E221}.Ad-Hoc|x64.Build.0 = Debug|Any CPU
		{B4FF3752-20F3-4B4D-B8D6-964FC739E221}.Ad-Hoc|x86.ActiveCfg = Debug|Any CPU
		{B4FF3752-20F3-4B4D-B8D6-964FC739E221}.Ad-Hoc|x86.Build.0 = Debug|Any CPU
		{B4FF3752-20F3-4B4D-B8D6-964FC739E221}.AppStore|Any CPU.ActiveCfg = Debug|Any CPU
		{B4FF3752-20F3-4B4D-B8D6-964FC739E221}.AppStore|Any CPU.Build.0 = Debug|Any CPU
		{B4FF3752-20F3-4B4D-B8D6-964FC739E221}.AppStore|ARM.ActiveCfg = Debug|Any CPU
		{B4FF3752-20F3-4B4D-B8D6-964FC739E221}.AppStore|ARM.Build.0 = Debug|Any CPU
		{B4FF3752-20F3-4B4D-B8D6-964FC739E221}.AppStore|ARM64.ActiveCfg = Debug|Any CPU
		{B4FF3752-20F3-4B4D-B8D6-964FC739E221}.AppStore|ARM64.Build.0 = Debug|Any CPU
		{B4FF3752-20F3-4B4D-B8D6-964FC739E221}.AppStore|iPhone.ActiveCfg = Debug|Any CPU
		{B4FF3752-20F3-4B4D-B8D6-964FC739E221}.AppStore|iPhone.Build.0 = Debug|Any CPU
		{B4FF3752-20F3-4B4D-B8D6-964FC739E221}.AppStore|iPhoneSimulator.ActiveCfg = Debug|Any CPU
		{B4FF3752-20F3-4B4D-B8D6-964FC739E221}.AppStore|iPhoneSimulator.Build.0 = Debug|Any CPU
		{B4FF3752-20F3-4B4D-B8D6-964FC739E221}.AppStore|x64.ActiveCfg = Debug|Any CPU
		{B4FF3752-20F3-4B4D-B8D6-964FC739E221}.AppStore|x64.Build.0 = Debug|Any CPU
		{B4FF3752-20F3-4B4D-B8D6-964FC739E221}.AppStore|x86.ActiveCfg = Debug|Any CPU
		{B4FF3752-20F3-4B4D-B8D6-964FC739E221}.AppStore|x86.Build.0 = Debug|Any CPU
		{B4FF3752-20F3-4B4D-B8D6-964FC739E221}.Debug|Any CPU.ActiveCfg = Debug|Any CPU
		{B4FF3752-20F3-4B4D-B8D6-964FC739E221}.Debug|Any CPU.Build.0 = Debug|Any CPU
		{B4FF3752-20F3-4B4D-B8D6-964FC739E221}.Debug|ARM.ActiveCfg = Debug|Any CPU
		{B4FF3752-20F3-4B4D-B8D6-964FC739E221}.Debug|ARM.Build.0 = Debug|Any CPU
		{B4FF3752-20F3-4B4D-B8D6-964FC739E221}.Debug|ARM64.ActiveCfg = Debug|Any CPU
		{B4FF3752-20F3-4B4D-B8D6-964FC739E221}.Debug|ARM64.Build.0 = Debug|Any CPU
		{B4FF3752-20F3-4B4D-B8D6-964FC739E221}.Debug|iPhone.ActiveCfg = Debug|Any CPU
		{B4FF3752-20F3-4B4D-B8D6-964FC739E221}.Debug|iPhone.Build.0 = Debug|Any CPU
		{B4FF3752-20F3-4B4D-B8D6-964FC739E221}.Debug|iPhoneSimulator.ActiveCfg = Debug|Any CPU
		{B4FF3752-20F3-4B4D-B8D6-964FC739E221}.Debug|iPhoneSimulator.Build.0 = Debug|Any CPU
		{B4FF3752-20F3-4B4D-B8D6-964FC739E221}.Debug|x64.ActiveCfg = Debug|Any CPU
		{B4FF3752-20F3-4B4D-B8D6-964FC739E221}.Debug|x64.Build.0 = Debug|Any CPU
		{B4FF3752-20F3-4B4D-B8D6-964FC739E221}.Debug|x86.ActiveCfg = Debug|Any CPU
		{B4FF3752-20F3-4B4D-B8D6-964FC739E221}.Debug|x86.Build.0 = Debug|Any CPU
		{B4FF3752-20F3-4B4D-B8D6-964FC739E221}.Release|Any CPU.ActiveCfg = Release|Any CPU
		{B4FF3752-20F3-4B4D-B8D6-964FC739E221}.Release|Any CPU.Build.0 = Release|Any CPU
		{B4FF3752-20F3-4B4D-B8D6-964FC739E221}.Release|ARM.ActiveCfg = Release|Any CPU
		{B4FF3752-20F3-4B4D-B8D6-964FC739E221}.Release|ARM.Build.0 = Release|Any CPU
		{B4FF3752-20F3-4B4D-B8D6-964FC739E221}.Release|ARM64.ActiveCfg = Release|Any CPU
		{B4FF3752-20F3-4B4D-B8D6-964FC739E221}.Release|ARM64.Build.0 = Release|Any CPU
		{B4FF3752-20F3-4B4D-B8D6-964FC739E221}.Release|iPhone.ActiveCfg = Release|Any CPU
		{B4FF3752-20F3-4B4D-B8D6-964FC739E221}.Release|iPhone.Build.0 = Release|Any CPU
		{B4FF3752-20F3-4B4D-B8D6-964FC739E221}.Release|iPhoneSimulator.ActiveCfg = Release|Any CPU
		{B4FF3752-20F3-4B4D-B8D6-964FC739E221}.Release|iPhoneSimulator.Build.0 = Release|Any CPU
		{B4FF3752-20F3-4B4D-B8D6-964FC739E221}.Release|x64.ActiveCfg = Release|Any CPU
		{B4FF3752-20F3-4B4D-B8D6-964FC739E221}.Release|x64.Build.0 = Release|Any CPU
		{B4FF3752-20F3-4B4D-B8D6-964FC739E221}.Release|x86.ActiveCfg = Release|Any CPU
		{B4FF3752-20F3-4B4D-B8D6-964FC739E221}.Release|x86.Build.0 = Release|Any CPU
		{54172763-8012-4B30-A44B-E1EDB13A1017}.Ad-Hoc|Any CPU.ActiveCfg = Debug|Any CPU
		{54172763-8012-4B30-A44B-E1EDB13A1017}.Ad-Hoc|Any CPU.Build.0 = Debug|Any CPU
		{54172763-8012-4B30-A44B-E1EDB13A1017}.Ad-Hoc|ARM.ActiveCfg = Debug|Any CPU
		{54172763-8012-4B30-A44B-E1EDB13A1017}.Ad-Hoc|ARM.Build.0 = Debug|Any CPU
		{54172763-8012-4B30-A44B-E1EDB13A1017}.Ad-Hoc|ARM64.ActiveCfg = Debug|Any CPU
		{54172763-8012-4B30-A44B-E1EDB13A1017}.Ad-Hoc|ARM64.Build.0 = Debug|Any CPU
		{54172763-8012-4B30-A44B-E1EDB13A1017}.Ad-Hoc|iPhone.ActiveCfg = Debug|Any CPU
		{54172763-8012-4B30-A44B-E1EDB13A1017}.Ad-Hoc|iPhone.Build.0 = Debug|Any CPU
		{54172763-8012-4B30-A44B-E1EDB13A1017}.Ad-Hoc|iPhoneSimulator.ActiveCfg = Debug|Any CPU
		{54172763-8012-4B30-A44B-E1EDB13A1017}.Ad-Hoc|iPhoneSimulator.Build.0 = Debug|Any CPU
		{54172763-8012-4B30-A44B-E1EDB13A1017}.Ad-Hoc|x64.ActiveCfg = Debug|Any CPU
		{54172763-8012-4B30-A44B-E1EDB13A1017}.Ad-Hoc|x64.Build.0 = Debug|Any CPU
		{54172763-8012-4B30-A44B-E1EDB13A1017}.Ad-Hoc|x86.ActiveCfg = Debug|Any CPU
		{54172763-8012-4B30-A44B-E1EDB13A1017}.Ad-Hoc|x86.Build.0 = Debug|Any CPU
		{54172763-8012-4B30-A44B-E1EDB13A1017}.AppStore|Any CPU.ActiveCfg = Debug|Any CPU
		{54172763-8012-4B30-A44B-E1EDB13A1017}.AppStore|Any CPU.Build.0 = Debug|Any CPU
		{54172763-8012-4B30-A44B-E1EDB13A1017}.AppStore|ARM.ActiveCfg = Debug|Any CPU
		{54172763-8012-4B30-A44B-E1EDB13A1017}.AppStore|ARM.Build.0 = Debug|Any CPU
		{54172763-8012-4B30-A44B-E1EDB13A1017}.AppStore|ARM64.ActiveCfg = Debug|Any CPU
		{54172763-8012-4B30-A44B-E1EDB13A1017}.AppStore|ARM64.Build.0 = Debug|Any CPU
		{54172763-8012-4B30-A44B-E1EDB13A1017}.AppStore|iPhone.ActiveCfg = Debug|Any CPU
		{54172763-8012-4B30-A44B-E1EDB13A1017}.AppStore|iPhone.Build.0 = Debug|Any CPU
		{54172763-8012-4B30-A44B-E1EDB13A1017}.AppStore|iPhoneSimulator.ActiveCfg = Debug|Any CPU
		{54172763-8012-4B30-A44B-E1EDB13A1017}.AppStore|iPhoneSimulator.Build.0 = Debug|Any CPU
		{54172763-8012-4B30-A44B-E1EDB13A1017}.AppStore|x64.ActiveCfg = Debug|Any CPU
		{54172763-8012-4B30-A44B-E1EDB13A1017}.AppStore|x64.Build.0 = Debug|Any CPU
		{54172763-8012-4B30-A44B-E1EDB13A1017}.AppStore|x86.ActiveCfg = Debug|Any CPU
		{54172763-8012-4B30-A44B-E1EDB13A1017}.AppStore|x86.Build.0 = Debug|Any CPU
		{54172763-8012-4B30-A44B-E1EDB13A1017}.Debug|Any CPU.ActiveCfg = Debug|Any CPU
		{54172763-8012-4B30-A44B-E1EDB13A1017}.Debug|Any CPU.Build.0 = Debug|Any CPU
		{54172763-8012-4B30-A44B-E1EDB13A1017}.Debug|ARM.ActiveCfg = Debug|Any CPU
		{54172763-8012-4B30-A44B-E1EDB13A1017}.Debug|ARM.Build.0 = Debug|Any CPU
		{54172763-8012-4B30-A44B-E1EDB13A1017}.Debug|ARM64.ActiveCfg = Debug|Any CPU
		{54172763-8012-4B30-A44B-E1EDB13A1017}.Debug|ARM64.Build.0 = Debug|Any CPU
		{54172763-8012-4B30-A44B-E1EDB13A1017}.Debug|iPhone.ActiveCfg = Debug|Any CPU
		{54172763-8012-4B30-A44B-E1EDB13A1017}.Debug|iPhone.Build.0 = Debug|Any CPU
		{54172763-8012-4B30-A44B-E1EDB13A1017}.Debug|iPhoneSimulator.ActiveCfg = Debug|Any CPU
		{54172763-8012-4B30-A44B-E1EDB13A1017}.Debug|iPhoneSimulator.Build.0 = Debug|Any CPU
		{54172763-8012-4B30-A44B-E1EDB13A1017}.Debug|x64.ActiveCfg = Debug|Any CPU
		{54172763-8012-4B30-A44B-E1EDB13A1017}.Debug|x64.Build.0 = Debug|Any CPU
		{54172763-8012-4B30-A44B-E1EDB13A1017}.Debug|x86.ActiveCfg = Debug|Any CPU
		{54172763-8012-4B30-A44B-E1EDB13A1017}.Debug|x86.Build.0 = Debug|Any CPU
		{54172763-8012-4B30-A44B-E1EDB13A1017}.Release|Any CPU.ActiveCfg = Release|Any CPU
		{54172763-8012-4B30-A44B-E1EDB13A1017}.Release|Any CPU.Build.0 = Release|Any CPU
		{54172763-8012-4B30-A44B-E1EDB13A1017}.Release|ARM.ActiveCfg = Release|Any CPU
		{54172763-8012-4B30-A44B-E1EDB13A1017}.Release|ARM.Build.0 = Release|Any CPU
		{54172763-8012-4B30-A44B-E1EDB13A1017}.Release|ARM64.ActiveCfg = Release|Any CPU
		{54172763-8012-4B30-A44B-E1EDB13A1017}.Release|ARM64.Build.0 = Release|Any CPU
		{54172763-8012-4B30-A44B-E1EDB13A1017}.Release|iPhone.ActiveCfg = Release|Any CPU
		{54172763-8012-4B30-A44B-E1EDB13A1017}.Release|iPhone.Build.0 = Release|Any CPU
		{54172763-8012-4B30-A44B-E1EDB13A1017}.Release|iPhoneSimulator.ActiveCfg = Release|Any CPU
		{54172763-8012-4B30-A44B-E1EDB13A1017}.Release|iPhoneSimulator.Build.0 = Release|Any CPU
		{54172763-8012-4B30-A44B-E1EDB13A1017}.Release|x64.ActiveCfg = Release|Any CPU
		{54172763-8012-4B30-A44B-E1EDB13A1017}.Release|x64.Build.0 = Release|Any CPU
		{54172763-8012-4B30-A44B-E1EDB13A1017}.Release|x86.ActiveCfg = Release|Any CPU
		{54172763-8012-4B30-A44B-E1EDB13A1017}.Release|x86.Build.0 = Release|Any CPU
		{5E8D7A95-35F4-4E29-9AB2-6F175C0A47CD}.Ad-Hoc|Any CPU.ActiveCfg = Debug|Any CPU
		{5E8D7A95-35F4-4E29-9AB2-6F175C0A47CD}.Ad-Hoc|Any CPU.Build.0 = Debug|Any CPU
		{5E8D7A95-35F4-4E29-9AB2-6F175C0A47CD}.Ad-Hoc|ARM.ActiveCfg = Debug|Any CPU
		{5E8D7A95-35F4-4E29-9AB2-6F175C0A47CD}.Ad-Hoc|ARM.Build.0 = Debug|Any CPU
		{5E8D7A95-35F4-4E29-9AB2-6F175C0A47CD}.Ad-Hoc|ARM64.ActiveCfg = Debug|Any CPU
		{5E8D7A95-35F4-4E29-9AB2-6F175C0A47CD}.Ad-Hoc|ARM64.Build.0 = Debug|Any CPU
		{5E8D7A95-35F4-4E29-9AB2-6F175C0A47CD}.Ad-Hoc|iPhone.ActiveCfg = Debug|Any CPU
		{5E8D7A95-35F4-4E29-9AB2-6F175C0A47CD}.Ad-Hoc|iPhone.Build.0 = Debug|Any CPU
		{5E8D7A95-35F4-4E29-9AB2-6F175C0A47CD}.Ad-Hoc|iPhoneSimulator.ActiveCfg = Debug|Any CPU
		{5E8D7A95-35F4-4E29-9AB2-6F175C0A47CD}.Ad-Hoc|iPhoneSimulator.Build.0 = Debug|Any CPU
		{5E8D7A95-35F4-4E29-9AB2-6F175C0A47CD}.Ad-Hoc|x64.ActiveCfg = Debug|Any CPU
		{5E8D7A95-35F4-4E29-9AB2-6F175C0A47CD}.Ad-Hoc|x64.Build.0 = Debug|Any CPU
		{5E8D7A95-35F4-4E29-9AB2-6F175C0A47CD}.Ad-Hoc|x86.ActiveCfg = Debug|Any CPU
		{5E8D7A95-35F4-4E29-9AB2-6F175C0A47CD}.Ad-Hoc|x86.Build.0 = Debug|Any CPU
		{5E8D7A95-35F4-4E29-9AB2-6F175C0A47CD}.AppStore|Any CPU.ActiveCfg = Debug|Any CPU
		{5E8D7A95-35F4-4E29-9AB2-6F175C0A47CD}.AppStore|Any CPU.Build.0 = Debug|Any CPU
		{5E8D7A95-35F4-4E29-9AB2-6F175C0A47CD}.AppStore|ARM.ActiveCfg = Debug|Any CPU
		{5E8D7A95-35F4-4E29-9AB2-6F175C0A47CD}.AppStore|ARM.Build.0 = Debug|Any CPU
		{5E8D7A95-35F4-4E29-9AB2-6F175C0A47CD}.AppStore|ARM64.ActiveCfg = Debug|Any CPU
		{5E8D7A95-35F4-4E29-9AB2-6F175C0A47CD}.AppStore|ARM64.Build.0 = Debug|Any CPU
		{5E8D7A95-35F4-4E29-9AB2-6F175C0A47CD}.AppStore|iPhone.ActiveCfg = Debug|Any CPU
		{5E8D7A95-35F4-4E29-9AB2-6F175C0A47CD}.AppStore|iPhone.Build.0 = Debug|Any CPU
		{5E8D7A95-35F4-4E29-9AB2-6F175C0A47CD}.AppStore|iPhoneSimulator.ActiveCfg = Debug|Any CPU
		{5E8D7A95-35F4-4E29-9AB2-6F175C0A47CD}.AppStore|iPhoneSimulator.Build.0 = Debug|Any CPU
		{5E8D7A95-35F4-4E29-9AB2-6F175C0A47CD}.AppStore|x64.ActiveCfg = Debug|Any CPU
		{5E8D7A95-35F4-4E29-9AB2-6F175C0A47CD}.AppStore|x64.Build.0 = Debug|Any CPU
		{5E8D7A95-35F4-4E29-9AB2-6F175C0A47CD}.AppStore|x86.ActiveCfg = Debug|Any CPU
		{5E8D7A95-35F4-4E29-9AB2-6F175C0A47CD}.AppStore|x86.Build.0 = Debug|Any CPU
		{5E8D7A95-35F4-4E29-9AB2-6F175C0A47CD}.Debug|Any CPU.ActiveCfg = Debug|Any CPU
		{5E8D7A95-35F4-4E29-9AB2-6F175C0A47CD}.Debug|Any CPU.Build.0 = Debug|Any CPU
		{5E8D7A95-35F4-4E29-9AB2-6F175C0A47CD}.Debug|ARM.ActiveCfg = Debug|Any CPU
		{5E8D7A95-35F4-4E29-9AB2-6F175C0A47CD}.Debug|ARM.Build.0 = Debug|Any CPU
		{5E8D7A95-35F4-4E29-9AB2-6F175C0A47CD}.Debug|ARM64.ActiveCfg = Debug|Any CPU
		{5E8D7A95-35F4-4E29-9AB2-6F175C0A47CD}.Debug|ARM64.Build.0 = Debug|Any CPU
		{5E8D7A95-35F4-4E29-9AB2-6F175C0A47CD}.Debug|iPhone.ActiveCfg = Debug|Any CPU
		{5E8D7A95-35F4-4E29-9AB2-6F175C0A47CD}.Debug|iPhone.Build.0 = Debug|Any CPU
		{5E8D7A95-35F4-4E29-9AB2-6F175C0A47CD}.Debug|iPhoneSimulator.ActiveCfg = Debug|Any CPU
		{5E8D7A95-35F4-4E29-9AB2-6F175C0A47CD}.Debug|iPhoneSimulator.Build.0 = Debug|Any CPU
		{5E8D7A95-35F4-4E29-9AB2-6F175C0A47CD}.Debug|x64.ActiveCfg = Debug|Any CPU
		{5E8D7A95-35F4-4E29-9AB2-6F175C0A47CD}.Debug|x64.Build.0 = Debug|Any CPU
		{5E8D7A95-35F4-4E29-9AB2-6F175C0A47CD}.Debug|x86.ActiveCfg = Debug|Any CPU
		{5E8D7A95-35F4-4E29-9AB2-6F175C0A47CD}.Debug|x86.Build.0 = Debug|Any CPU
		{5E8D7A95-35F4-4E29-9AB2-6F175C0A47CD}.Release|Any CPU.ActiveCfg = Release|Any CPU
		{5E8D7A95-35F4-4E29-9AB2-6F175C0A47CD}.Release|Any CPU.Build.0 = Release|Any CPU
		{5E8D7A95-35F4-4E29-9AB2-6F175C0A47CD}.Release|ARM.ActiveCfg = Release|Any CPU
		{5E8D7A95-35F4-4E29-9AB2-6F175C0A47CD}.Release|ARM.Build.0 = Release|Any CPU
		{5E8D7A95-35F4-4E29-9AB2-6F175C0A47CD}.Release|ARM64.ActiveCfg = Release|Any CPU
		{5E8D7A95-35F4-4E29-9AB2-6F175C0A47CD}.Release|ARM64.Build.0 = Release|Any CPU
		{5E8D7A95-35F4-4E29-9AB2-6F175C0A47CD}.Release|iPhone.ActiveCfg = Release|Any CPU
		{5E8D7A95-35F4-4E29-9AB2-6F175C0A47CD}.Release|iPhone.Build.0 = Release|Any CPU
		{5E8D7A95-35F4-4E29-9AB2-6F175C0A47CD}.Release|iPhoneSimulator.ActiveCfg = Release|Any CPU
		{5E8D7A95-35F4-4E29-9AB2-6F175C0A47CD}.Release|iPhoneSimulator.Build.0 = Release|Any CPU
		{5E8D7A95-35F4-4E29-9AB2-6F175C0A47CD}.Release|x64.ActiveCfg = Release|Any CPU
		{5E8D7A95-35F4-4E29-9AB2-6F175C0A47CD}.Release|x64.Build.0 = Release|Any CPU
		{5E8D7A95-35F4-4E29-9AB2-6F175C0A47CD}.Release|x86.ActiveCfg = Release|Any CPU
		{5E8D7A95-35F4-4E29-9AB2-6F175C0A47CD}.Release|x86.Build.0 = Release|Any CPU
		{CB39BD3A-679E-47F0-97E6-F6FEDECD7B69}.Ad-Hoc|Any CPU.ActiveCfg = Debug|Any CPU
		{CB39BD3A-679E-47F0-97E6-F6FEDECD7B69}.Ad-Hoc|Any CPU.Build.0 = Debug|Any CPU
		{CB39BD3A-679E-47F0-97E6-F6FEDECD7B69}.Ad-Hoc|ARM.ActiveCfg = Debug|Any CPU
		{CB39BD3A-679E-47F0-97E6-F6FEDECD7B69}.Ad-Hoc|ARM.Build.0 = Debug|Any CPU
		{CB39BD3A-679E-47F0-97E6-F6FEDECD7B69}.Ad-Hoc|ARM64.ActiveCfg = Debug|Any CPU
		{CB39BD3A-679E-47F0-97E6-F6FEDECD7B69}.Ad-Hoc|ARM64.Build.0 = Debug|Any CPU
		{CB39BD3A-679E-47F0-97E6-F6FEDECD7B69}.Ad-Hoc|iPhone.ActiveCfg = Debug|Any CPU
		{CB39BD3A-679E-47F0-97E6-F6FEDECD7B69}.Ad-Hoc|iPhone.Build.0 = Debug|Any CPU
		{CB39BD3A-679E-47F0-97E6-F6FEDECD7B69}.Ad-Hoc|iPhoneSimulator.ActiveCfg = Debug|Any CPU
		{CB39BD3A-679E-47F0-97E6-F6FEDECD7B69}.Ad-Hoc|iPhoneSimulator.Build.0 = Debug|Any CPU
		{CB39BD3A-679E-47F0-97E6-F6FEDECD7B69}.Ad-Hoc|x64.ActiveCfg = Debug|Any CPU
		{CB39BD3A-679E-47F0-97E6-F6FEDECD7B69}.Ad-Hoc|x64.Build.0 = Debug|Any CPU
		{CB39BD3A-679E-47F0-97E6-F6FEDECD7B69}.Ad-Hoc|x86.ActiveCfg = Debug|Any CPU
		{CB39BD3A-679E-47F0-97E6-F6FEDECD7B69}.Ad-Hoc|x86.Build.0 = Debug|Any CPU
		{CB39BD3A-679E-47F0-97E6-F6FEDECD7B69}.AppStore|Any CPU.ActiveCfg = Debug|Any CPU
		{CB39BD3A-679E-47F0-97E6-F6FEDECD7B69}.AppStore|Any CPU.Build.0 = Debug|Any CPU
		{CB39BD3A-679E-47F0-97E6-F6FEDECD7B69}.AppStore|ARM.ActiveCfg = Debug|Any CPU
		{CB39BD3A-679E-47F0-97E6-F6FEDECD7B69}.AppStore|ARM.Build.0 = Debug|Any CPU
		{CB39BD3A-679E-47F0-97E6-F6FEDECD7B69}.AppStore|ARM64.ActiveCfg = Debug|Any CPU
		{CB39BD3A-679E-47F0-97E6-F6FEDECD7B69}.AppStore|ARM64.Build.0 = Debug|Any CPU
		{CB39BD3A-679E-47F0-97E6-F6FEDECD7B69}.AppStore|iPhone.ActiveCfg = Debug|Any CPU
		{CB39BD3A-679E-47F0-97E6-F6FEDECD7B69}.AppStore|iPhone.Build.0 = Debug|Any CPU
		{CB39BD3A-679E-47F0-97E6-F6FEDECD7B69}.AppStore|iPhoneSimulator.ActiveCfg = Debug|Any CPU
		{CB39BD3A-679E-47F0-97E6-F6FEDECD7B69}.AppStore|iPhoneSimulator.Build.0 = Debug|Any CPU
		{CB39BD3A-679E-47F0-97E6-F6FEDECD7B69}.AppStore|x64.ActiveCfg = Debug|Any CPU
		{CB39BD3A-679E-47F0-97E6-F6FEDECD7B69}.AppStore|x64.Build.0 = Debug|Any CPU
		{CB39BD3A-679E-47F0-97E6-F6FEDECD7B69}.AppStore|x86.ActiveCfg = Debug|Any CPU
		{CB39BD3A-679E-47F0-97E6-F6FEDECD7B69}.AppStore|x86.Build.0 = Debug|Any CPU
		{CB39BD3A-679E-47F0-97E6-F6FEDECD7B69}.Debug|Any CPU.ActiveCfg = Debug|Any CPU
		{CB39BD3A-679E-47F0-97E6-F6FEDECD7B69}.Debug|Any CPU.Build.0 = Debug|Any CPU
		{CB39BD3A-679E-47F0-97E6-F6FEDECD7B69}.Debug|ARM.ActiveCfg = Debug|Any CPU
		{CB39BD3A-679E-47F0-97E6-F6FEDECD7B69}.Debug|ARM.Build.0 = Debug|Any CPU
		{CB39BD3A-679E-47F0-97E6-F6FEDECD7B69}.Debug|ARM64.ActiveCfg = Debug|Any CPU
		{CB39BD3A-679E-47F0-97E6-F6FEDECD7B69}.Debug|ARM64.Build.0 = Debug|Any CPU
		{CB39BD3A-679E-47F0-97E6-F6FEDECD7B69}.Debug|iPhone.ActiveCfg = Debug|Any CPU
		{CB39BD3A-679E-47F0-97E6-F6FEDECD7B69}.Debug|iPhone.Build.0 = Debug|Any CPU
		{CB39BD3A-679E-47F0-97E6-F6FEDECD7B69}.Debug|iPhoneSimulator.ActiveCfg = Debug|Any CPU
		{CB39BD3A-679E-47F0-97E6-F6FEDECD7B69}.Debug|iPhoneSimulator.Build.0 = Debug|Any CPU
		{CB39BD3A-679E-47F0-97E6-F6FEDECD7B69}.Debug|x64.ActiveCfg = Debug|Any CPU
		{CB39BD3A-679E-47F0-97E6-F6FEDECD7B69}.Debug|x64.Build.0 = Debug|Any CPU
		{CB39BD3A-679E-47F0-97E6-F6FEDECD7B69}.Debug|x86.ActiveCfg = Debug|Any CPU
		{CB39BD3A-679E-47F0-97E6-F6FEDECD7B69}.Debug|x86.Build.0 = Debug|Any CPU
		{CB39BD3A-679E-47F0-97E6-F6FEDECD7B69}.Release|Any CPU.ActiveCfg = Release|Any CPU
		{CB39BD3A-679E-47F0-97E6-F6FEDECD7B69}.Release|Any CPU.Build.0 = Release|Any CPU
		{CB39BD3A-679E-47F0-97E6-F6FEDECD7B69}.Release|ARM.ActiveCfg = Release|Any CPU
		{CB39BD3A-679E-47F0-97E6-F6FEDECD7B69}.Release|ARM.Build.0 = Release|Any CPU
		{CB39BD3A-679E-47F0-97E6-F6FEDECD7B69}.Release|ARM64.ActiveCfg = Release|Any CPU
		{CB39BD3A-679E-47F0-97E6-F6FEDECD7B69}.Release|ARM64.Build.0 = Release|Any CPU
		{CB39BD3A-679E-47F0-97E6-F6FEDECD7B69}.Release|iPhone.ActiveCfg = Release|Any CPU
		{CB39BD3A-679E-47F0-97E6-F6FEDECD7B69}.Release|iPhone.Build.0 = Release|Any CPU
		{CB39BD3A-679E-47F0-97E6-F6FEDECD7B69}.Release|iPhoneSimulator.ActiveCfg = Release|Any CPU
		{CB39BD3A-679E-47F0-97E6-F6FEDECD7B69}.Release|iPhoneSimulator.Build.0 = Release|Any CPU
		{CB39BD3A-679E-47F0-97E6-F6FEDECD7B69}.Release|x64.ActiveCfg = Release|Any CPU
		{CB39BD3A-679E-47F0-97E6-F6FEDECD7B69}.Release|x64.Build.0 = Release|Any CPU
		{CB39BD3A-679E-47F0-97E6-F6FEDECD7B69}.Release|x86.ActiveCfg = Release|Any CPU
		{CB39BD3A-679E-47F0-97E6-F6FEDECD7B69}.Release|x86.Build.0 = Release|Any CPU
	EndGlobalSection
	GlobalSection(SolutionProperties) = preSolution
		HideSolutionNode = FALSE
	EndGlobalSection
	GlobalSection(NestedProjects) = preSolution
		{F76B5608-5B86-4943-88F8-6DCCC3BA3F70} = {2ACBE35D-A5D1-4BC7-BE58-16662902D20A}
		{0DE0E88C-2A5E-42FB-8513-4E24CB076235} = {2ACBE35D-A5D1-4BC7-BE58-16662902D20A}
		{21474D4E-2BA8-4604-96DD-2AE511C93E11} = {2ACBE35D-A5D1-4BC7-BE58-16662902D20A}
		{2FBDCC46-615E-466A-9204-1C2AB0B99341} = {2ACBE35D-A5D1-4BC7-BE58-16662902D20A}
		{6B2DD60C-FBCD-4CA1-BC9F-670421CA7926} = {2ACBE35D-A5D1-4BC7-BE58-16662902D20A}
		{B4FF3752-20F3-4B4D-B8D6-964FC739E221} = {2ACBE35D-A5D1-4BC7-BE58-16662902D20A}
		{54172763-8012-4B30-A44B-E1EDB13A1017} = {2ACBE35D-A5D1-4BC7-BE58-16662902D20A}
		{5E8D7A95-35F4-4E29-9AB2-6F175C0A47CD} = {2ACBE35D-A5D1-4BC7-BE58-16662902D20A}
		{CB39BD3A-679E-47F0-97E6-F6FEDECD7B69} = {2ACBE35D-A5D1-4BC7-BE58-16662902D20A}
	EndGlobalSection
	GlobalSection(ExtensibilityGlobals) = postSolution
		SolutionGuid = {AB18566F-03C6-4FC8-8D68-27B28F8936BA}
	EndGlobalSection
EndGlobal
